
Microsoft Visual Studio Solution File, Format Version 11.00
# Visual Studio 2010
Project("{FAE04EC0-301F-11D3-BF4B-00C04F79EFBC}") = "LotsODots", "LotsODots\LotsODots.csproj", "{FB84A063-A6AA-40B4-8888-4757C65AEF85}"
EndProject
Global
	GlobalSection(SolutionConfigurationPlatforms) = preSolution
		Debug|x86 = Debug|x86
		Release|x86 = Release|x86
	EndGlobalSection
	GlobalSection(ProjectConfigurationPlatforms) = postSolution
		{FB84A063-A6AA-40B4-8888-4757C65AEF85}.Debug|x86.ActiveCfg = Debug|x86
		{FB84A063-A6AA-40B4-8888-4757C65AEF85}.Debug|x86.Build.0 = Debug|x86
		{FB84A063-A6AA-40B4-8888-4757C65AEF85}.Release|x86.ActiveCfg = Release|x86
		{FB84A063-A6AA-40B4-8888-4757C65AEF85}.Release|x86.Build.0 = Release|x86
	EndGlobalSection
	GlobalSection(SolutionProperties) = preSolution
		HideSolutionNode = FALSE
	EndGlobalSection
EndGlobal
